PODS:
  - BigInt (3.1.0):
    - SipHash (~> 1.2)
  - CryptoSwift (0.10.0)
  - NewpayContractUtility (0.0.1):
    - BigInt
    - NewpayCrypto
  - NewpayCrypto (0.1.0)
  - SipHash (1.2.2)
  - SwiftLint (0.26.0)

DEPENDENCIES:
  - BigInt
  - CryptoSwift (~> 0.10.0)
  - NewpayContractUtility (from `https://github.com/yheng2/newpay-contract-utility-ios.git`, branch `master`)
  - NewpayCrypto (from `https://github.com/yheng2/newpay-crypto-ios.git`, branch `master`)
  - SwiftLint

SPEC REPOS:
  https://github.com/CocoaPods/Specs.git:
    - BigInt
    - CryptoSwift
    - SipHash
    - SwiftLint

EXTERNAL SOURCES:
  NewpayContractUtility:
    :branch: master
    :git: https://github.com/yheng2/newpay-contract-utility-ios.git
  NewpayCrypto:
    :branch: master
    :git: https://github.com/yheng2/newpay-crypto-ios.git

CHECKOUT OPTIONS:
  NewpayContractUtility:
    :commit: cd78dcfd2581e2673a4361c0dfd40cc23a30ff5e
    :git: https://github.com/yheng2/newpay-contract-utility-ios.git
  NewpayCrypto:
    :commit: 3cf5d9b7d69116398fa30deb54928d225bbb7cc3
    :git: https://github.com/yheng2/newpay-crypto-ios.git

SPEC CHECKSUMS:
  BigInt: 76b5dfdfa3e2e478d4ffdf161aeede5502e2742f
  CryptoSwift: 6c778d69282bed3b4e975ff97a79d074f20bb011
  NewpayContractUtility: 46642cc509ece667a13ad394b228f14c6559e3b0
  NewpayCrypto: 7f317db5bc82299410ba4995cb93f14cbcc0ef23
  SipHash: fad90a4683e420c52ef28063063dbbce248ea6d4
  SwiftLint: f6b83e8d95ee1e91e11932d843af4fdcbf3fc764

PODFILE CHECKSUM: bc1f2bccb37676e6ad8f81f24277fe4f95859a50

COCOAPODS: 1.8.4
